# THIS IS AN AUTOGENERATED FILE. DO NOT EDIT THIS FILE DIRECTLY.
# yarn lockfile v1


imask@^6.2.2:
  version "6.2.2"
  resolved "https://registry.yarnpkg.com/imask/-/imask-6.2.2.tgz#c72c0ce9a52f57539ecdc264eccc2407d20e13b5"
  integrity sha512-oREITqngsjD0YxO62UpVQSxLNjIcb/mNO9hX2F8xQ282Kj3X9KXEAobipbUXz5R5NgtiL6nOPrWwo+AnLuz5AQ==
